
Microsoft Visual Studio Solution File, Format Version 12.00
# Visual Studio 15
VisualStudioVersion = 15.0.28010.2050
MinimumVisualStudioVersion = 10.0.40219.1
Project("{2150E333-8FDC-42A3-9474-1A3956D46DE8}") = "1 - Domain", "1 - Domain", "{15F3952B-E830-4278-BD34-9D0B8A94CCDB}"
EndProject
Project("{9A19103F-16F7-4668-BE54-9A1E7A4F7556}") = "Bastidor.Domain.Core", "Bastidor.Domain.Core\Bastidor.Domain.Core.csproj", "{CFED12A3-8F37-4C2B-92D0-C0BCF86650A9}"
EndProject
Project("{9A19103F-16F7-4668-BE54-9A1E7A4F7556}") = "Bastidor.Domain", "Bastidor.Domain\Bastidor.Domain.csproj", "{64AECBEB-476A-4F85-9026-9EABF4DA2B75}"
EndProject
Project("{2150E333-8FDC-42A3-9474-1A3956D46DE8}") = "2 - Infra", "2 - Infra", "{AEA4911E-19DB-4910-A51E-F68CFD7200FD}"
EndProject
Project("{2150E333-8FDC-42A3-9474-1A3956D46DE8}") = "2.1 - Data", "2.1 - Data", "{524AC397-99A6-40C2-AAE8-09DF49338761}"
EndProject
Project("{2150E333-8FDC-42A3-9474-1A3956D46DE8}") = "2.2 - CrossCutting", "2.2 - CrossCutting", "{AEA4BDCD-5800-4FC4-B6C6-06599FFD60C5}"
EndProject
Project("{2150E333-8FDC-42A3-9474-1A3956D46DE8}") = "3 - Application", "3 - Application", "{991F983F-49AB-4A03-A0A9-A61B475012EF}"
EndProject
Project("{2150E333-8FDC-42A3-9474-1A3956D46DE8}") = "4 - Presentation", "4 - Presentation", "{AF38E50E-B89C-48FA-AE04-7546D672DF0C}"
EndProject
Project("{9A19103F-16F7-4668-BE54-9A1E7A4F7556}") = "Bastidor.API", "Bastidor.API\Bastidor.API.csproj", "{565D8389-AFDD-418F-AF82-046CB7872ECE}"
EndProject
Project("{9A19103F-16F7-4668-BE54-9A1E7A4F7556}") = "Bastidor.Application", "Bastidor.Application\Bastidor.Application.csproj", "{2BECD94F-7FBB-4040-A3BD-843EE7CCFAC3}"
EndProject
Project("{9A19103F-16F7-4668-BE54-9A1E7A4F7556}") = "Bastidor.CrossCutting.IoC", "Bastidor.CrossCutting.IoC\Bastidor.CrossCutting.IoC.csproj", "{71D25B74-72D1-4D10-AE7A-8984197E8927}"
EndProject
Project("{FAE04EC0-301F-11D3-BF4B-00C04F79EFBC}") = "Bastidor.Infra.Data", "Bastidor.Infra.Data\Bastidor.Infra.Data.csproj", "{1A92B4D7-ED96-4246-8BBE-BD98249B7676}"
EndProject
Global
	GlobalSection(SolutionConfigurationPlatforms) = preSolution
		Debug|Any CPU = Debug|Any CPU
		Release|Any CPU = Release|Any CPU
	EndGlobalSection
	GlobalSection(ProjectConfigurationPlatforms) = postSolution
		{CFED12A3-8F37-4C2B-92D0-C0BCF86650A9}.Debug|Any CPU.ActiveCfg = Debug|Any CPU
		{CFED12A3-8F37-4C2B-92D0-C0BCF86650A9}.Debug|Any CPU.Build.0 = Debug|Any CPU
		{CFED12A3-8F37-4C2B-92D0-C0BCF86650A9}.Release|Any CPU.ActiveCfg = Release|Any CPU
		{CFED12A3-8F37-4C2B-92D0-C0BCF86650A9}.Release|Any CPU.Build.0 = Release|Any CPU
		{64AECBEB-476A-4F85-9026-9EABF4DA2B75}.Debug|Any CPU.ActiveCfg = Debug|Any CPU
		{64AECBEB-476A-4F85-9026-9EABF4DA2B75}.Debug|Any CPU.Build.0 = Debug|Any CPU
		{64AECBEB-476A-4F85-9026-9EABF4DA2B75}.Release|Any CPU.ActiveCfg = Release|Any CPU
		{64AECBEB-476A-4F85-9026-9EABF4DA2B75}.Release|Any CPU.Build.0 = Release|Any CPU
		{C1DE7950-5A57-43F4-A9C8-F46B51FC324F}.Debug|Any CPU.ActiveCfg = Debug|Any CPU
		{C1DE7950-5A57-43F4-A9C8-F46B51FC324F}.Debug|Any CPU.Build.0 = Debug|Any CPU
		{C1DE7950-5A57-43F4-A9C8-F46B51FC324F}.Release|Any CPU.ActiveCfg = Release|Any CPU
		{C1DE7950-5A57-43F4-A9C8-F46B51FC324F}.Release|Any CPU.Build.0 = Release|Any CPU
		{565D8389-AFDD-418F-AF82-046CB7872ECE}.Debug|Any CPU.ActiveCfg = Debug|Any CPU
		{565D8389-AFDD-418F-AF82-046CB7872ECE}.Debug|Any CPU.Build.0 = Debug|Any CPU
		{565D8389-AFDD-418F-AF82-046CB7872ECE}.Release|Any CPU.ActiveCfg = Release|Any CPU
		{565D8389-AFDD-418F-AF82-046CB7872ECE}.Release|Any CPU.Build.0 = Release|Any CPU
		{2BECD94F-7FBB-4040-A3BD-843EE7CCFAC3}.Debug|Any CPU.ActiveCfg = Debug|Any CPU
		{2BECD94F-7FBB-4040-A3BD-843EE7CCFAC3}.Debug|Any CPU.Build.0 = Debug|Any CPU
		{2BECD94F-7FBB-4040-A3BD-843EE7CCFAC3}.Release|Any CPU.ActiveCfg = Release|Any CPU
		{2BECD94F-7FBB-4040-A3BD-843EE7CCFAC3}.Release|Any CPU.Build.0 = Release|Any CPU
		{71D25B74-72D1-4D10-AE7A-8984197E8927}.Debug|Any CPU.ActiveCfg = Debug|Any CPU
		{71D25B74-72D1-4D10-AE7A-8984197E8927}.Debug|Any CPU.Build.0 = Debug|Any CPU
		{71D25B74-72D1-4D10-AE7A-8984197E8927}.Release|Any CPU.ActiveCfg = Release|Any CPU
		{71D25B74-72D1-4D10-AE7A-8984197E8927}.Release|Any CPU.Build.0 = Release|Any CPU
		{1A92B4D7-ED96-4246-8BBE-BD98249B7676}.Debug|Any CPU.ActiveCfg = Debug|Any CPU
		{1A92B4D7-ED96-4246-8BBE-BD98249B7676}.Debug|Any CPU.Build.0 = Debug|Any CPU
		{1A92B4D7-ED96-4246-8BBE-BD98249B7676}.Release|Any CPU.ActiveCfg = Release|Any CPU
		{1A92B4D7-ED96-4246-8BBE-BD98249B7676}.Release|Any CPU.Build.0 = Release|Any CPU
	EndGlobalSection
	GlobalSection(SolutionProperties) = preSolution
		HideSolutionNode = FALSE
	EndGlobalSection
	GlobalSection(NestedProjects) = preSolution
		{CFED12A3-8F37-4C2B-92D0-C0BCF86650A9} = {15F3952B-E830-4278-BD34-9D0B8A94CCDB}
		{64AECBEB-476A-4F85-9026-9EABF4DA2B75} = {15F3952B-E830-4278-BD34-9D0B8A94CCDB}
		{524AC397-99A6-40C2-AAE8-09DF49338761} = {AEA4911E-19DB-4910-A51E-F68CFD7200FD}
		{AEA4BDCD-5800-4FC4-B6C6-06599FFD60C5} = {AEA4911E-19DB-4910-A51E-F68CFD7200FD}
		{565D8389-AFDD-418F-AF82-046CB7872ECE} = {AF38E50E-B89C-48FA-AE04-7546D672DF0C}
		{2BECD94F-7FBB-4040-A3BD-843EE7CCFAC3} = {991F983F-49AB-4A03-A0A9-A61B475012EF}
		{71D25B74-72D1-4D10-AE7A-8984197E8927} = {AEA4BDCD-5800-4FC4-B6C6-06599FFD60C5}
	EndGlobalSection
	GlobalSection(ExtensibilityGlobals) = postSolution
		SolutionGuid = {1D8A9E3B-1231-4F91-8950-C916DFBDE898}
	EndGlobalSection
EndGlobal
